
Microsoft Visual Studio Solution File, Format Version 12.00
# Visual Studio Version 16
VisualStudioVersion = 16.0.29613.14
MinimumVisualStudioVersion = 10.0.40219.1
Project("{FAE04EC0-301F-11D3-BF4B-00C04F79EFBC}") = "bdForum", "bdForum.csproj", "{3E90B2B4-64F2-40CA-A419-7CDCA6C83130}"
EndProject
Project("{FAE04EC0-301F-11D3-BF4B-00C04F79EFBC}") = "bdForumBusinessLogic", "..\bdForumBusinessLogic\bdForumBusinessLogic.csproj", "{4F07B4A3-8F11-4616-BAF4-646EBB86949A}"
EndProject
Project("{FAE04EC0-301F-11D3-BF4B-00C04F79EFBC}") = "bdForumDBImplement", "..\bdForumDBImplement\bdForumDBImplement.csproj", "{294AF739-2B97-48C7-920A-D203070C44CD}"
EndProject
Global
	GlobalSection(SolutionConfigurationPlatforms) = preSolution
		Debug|Any CPU = Debug|Any CPU
		Release|Any CPU = Release|Any CPU
	EndGlobalSection
	GlobalSection(ProjectConfigurationPlatforms) = postSolution
		{3E90B2B4-64F2-40CA-A419-7CDCA6C83130}.Debug|Any CPU.ActiveCfg = Debug|Any CPU
		{3E90B2B4-64F2-40CA-A419-7CDCA6C83130}.Debug|Any CPU.Build.0 = Debug|Any CPU
		{3E90B2B4-64F2-40CA-A419-7CDCA6C83130}.Release|Any CPU.ActiveCfg = Release|Any CPU
		{3E90B2B4-64F2-40CA-A419-7CDCA6C83130}.Release|Any CPU.Build.0 = Release|Any CPU
		{4F07B4A3-8F11-4616-BAF4-646EBB86949A}.Debug|Any CPU.ActiveCfg = Debug|Any CPU
		{4F07B4A3-8F11-4616-BAF4-646EBB86949A}.Debug|Any CPU.Build.0 = Debug|Any CPU
		{4F07B4A3-8F11-4616-BAF4-646EBB86949A}.Release|Any CPU.ActiveCfg = Release|Any CPU
		{4F07B4A3-8F11-4616-BAF4-646EBB86949A}.Release|Any CPU.Build.0 = Release|Any CPU
		{294AF739-2B97-48C7-920A-D203070C44CD}.Debug|Any CPU.ActiveCfg = Debug|Any CPU
		{294AF739-2B97-48C7-920A-D203070C44CD}.Debug|Any CPU.Build.0 = Debug|Any CPU
		{294AF739-2B97-48C7-920A-D203070C44CD}.Release|Any CPU.ActiveCfg = Release|Any CPU
		{294AF739-2B97-48C7-920A-D203070C44CD}.Release|Any CPU.Build.0 = Release|Any CPU
	EndGlobalSection
	GlobalSection(SolutionProperties) = preSolution
		HideSolutionNode = FALSE
	EndGlobalSection
	GlobalSection(ExtensibilityGlobals) = postSolution
		SolutionGuid = {D2C9FFDD-E0C6-4F35-843D-A22418C5EEBD}
	EndGlobalSection
EndGlobal
